// !$*UTF8*$!
{
	archiveVersion = 1;
	classes = {
	};
	objectVersion = 50;
	objects = {

/* Begin PBXFileReference section */
		59F62F802505248500E5F185 /* .git */ = {isa = PBXFileReference; lastKnownFileType = folder; path = .git; sourceTree = "<group>"; };
		59F62F812505248500E5F185 /* .gitignore */ = {isa = PBXFileReference; lastKnownFileType = text; path = .gitignore; sourceTree = "<group>"; };
		59F62F822505248500E5F185 /* assets */ = {isa = PBXFileReference; lastKnownFileType = folder; path = assets; sourceTree = "<group>"; };
		59F62F832505248500E5F185 /* author */ = {isa = PBXFileReference; lastKnownFileType = text; path = author; sourceTree = "<group>"; };
		59F62F842505248500E5F185 /* bmp */ = {isa = PBXFileReference; lastKnownFileType = folder; path = bmp; sourceTree = "<group>"; };
		59F62F852505248500E5F185 /* doom-nukem */ = {isa = PBXFileReference; lastKnownFileType = "compiled.mach-o.executable"; path = "doom-nukem"; sourceTree = "<group>"; };
		59F62F862505248500E5F185 /* doom_nukkem */ = {isa = PBXFileReference; lastKnownFileType = folder; path = doom_nukkem; sourceTree = "<group>"; };
		59F62F872505248500E5F185 /* editor_leak */ = {isa = PBXFileReference; lastKnownFileType = folder; path = editor_leak; sourceTree = "<group>"; };
		59F62F882505248500E5F185 /* epoch_test2.xcodeproj */ = {isa = PBXFileReference; lastKnownFileType = "wrapper.pb-project"; path = epoch_test2.xcodeproj; sourceTree = "<group>"; };
		59F62F8B2505248500E5F185 /* game_editor_level */ = {isa = PBXFileReference; lastKnownFileType = text; path = game_editor_level; sourceTree = "<group>"; };
		59F62F8C2505248500E5F185 /* includes */ = {isa = PBXFileReference; lastKnownFileType = folder; path = includes; sourceTree = "<group>"; };
		59F62F8D2505248500E5F185 /* install.bash */ = {isa = PBXFileReference; lastKnownFileType = text.script.sh; path = install.bash; sourceTree = "<group>"; };
		59F62F8E2505248500E5F185 /* libft */ = {isa = PBXFileReference; lastKnownFileType = folder; path = libft; sourceTree = "<group>"; };
		59F62F8F2505248500E5F185 /* Makefile */ = {isa = PBXFileReference; lastKnownFileType = sourcecode.make; path = Makefile; sourceTree = "<group>"; };
		59F62F902505248500E5F185 /* README.md */ = {isa = PBXFileReference; lastKnownFileType = net.daringfireball.markdown; path = README.md; sourceTree = "<group>"; };
		59F62F912505248500E5F185 /* sdl */ = {isa = PBXFileReference; lastKnownFileType = folder; path = sdl; sourceTree = "<group>"; };
		59F62F922505248500E5F185 /* SDL2_mixer */ = {isa = PBXFileReference; lastKnownFileType = folder; path = SDL2_mixer; sourceTree = "<group>"; };
		59F62F932505248500E5F185 /* SDL2_ttf.framework */ = {isa = PBXFileReference; lastKnownFileType = wrapper.framework; path = SDL2_ttf.framework; sourceTree = "<group>"; };
		59F62F942505248500E5F185 /* sounds */ = {isa = PBXFileReference; lastKnownFileType = folder; path = sounds; sourceTree = "<group>"; };
		59F62F952505248500E5F185 /* srcs */ = {isa = PBXFileReference; lastKnownFileType = folder; path = srcs; sourceTree = "<group>"; };
/* End PBXFileReference section */

/* Begin PBXGroup section */
		59F62F7A2505248500E5F185 = {
			isa = PBXGroup;
			children = (
				59F62F802505248500E5F185 /* .git */,
				59F62F812505248500E5F185 /* .gitignore */,
				59F62F822505248500E5F185 /* assets */,
				59F62F832505248500E5F185 /* author */,
				59F62F842505248500E5F185 /* bmp */,
				59F62F852505248500E5F185 /* doom-nukem */,
				59F62F862505248500E5F185 /* doom_nukkem */,
				59F62F872505248500E5F185 /* editor_leak */,
				59F62F882505248500E5F185 /* epoch_test2.xcodeproj */,
				59F62F8B2505248500E5F185 /* game_editor_level */,
				59F62F8C2505248500E5F185 /* includes */,
				59F62F8D2505248500E5F185 /* install.bash */,
				59F62F8E2505248500E5F185 /* libft */,
				59F62F8F2505248500E5F185 /* Makefile */,
				59F62F902505248500E5F185 /* README.md */,
				59F62F912505248500E5F185 /* sdl */,
				59F62F922505248500E5F185 /* SDL2_mixer */,
				59F62F932505248500E5F185 /* SDL2_ttf.framework */,
				59F62F942505248500E5F185 /* sounds */,
				59F62F952505248500E5F185 /* srcs */,
			);
			sourceTree = "<group>";
		};
		59F62F892505248500E5F185 /* Products */ = {
			isa = PBXGroup;
			children = (
			);
			name = Products;
			sourceTree = "<group>";
		};
/* End PBXGroup section */

/* Begin PBXLegacyTarget section */
		59F62F7F2505248500E5F185 /* epoch_test2 */ = {
			isa = PBXLegacyTarget;
			buildArgumentsString = "$(ACTION)";
			buildConfigurationList = 59F62F972505248500E5F185 /* Build configuration list for PBXLegacyTarget "epoch_test2" */;
			buildPhases = (
			);
			buildToolPath = /usr/bin/make;
			buildWorkingDirectory = "/Users/nde-wild/epoch_test2";
			dependencies = (
			);
			name = epoch_test2;
			passBuildSettingsInEnvironment = 1;
			productName = epoch_test2;
		};
/* End PBXLegacyTarget section */

/* Begin PBXProject section */
		59F62F7B2505248500E5F185 /* Project object */ = {
			isa = PBXProject;
			attributes = {
			};
			buildConfigurationList = 59F62F7E2505248500E5F185 /* Build configuration list for PBXProject "epoch_test2 2" */;
			compatibilityVersion = "Xcode 9.3";
			developmentRegion = en;
			hasScannedForEncodings = 0;
			knownRegions = (
				en,
				Base,
			);
			mainGroup = 59F62F7A2505248500E5F185;
			projectDirPath = "";
			projectReferences = (
				{
					ProductGroup = 59F62F892505248500E5F185 /* Products */;
					ProjectRef = 59F62F882505248500E5F185 /* epoch_test2.xcodeproj */;
				},
			);
			projectRoot = "";
			targets = (
				59F62F7F2505248500E5F185 /* epoch_test2 */,
			);
		};
/* End PBXProject section */

/* Begin XCBuildConfiguration section */
		59F62F7C2505248500E5F185 /* Debug */ = {
			isa = XCBuildConfiguration;
			buildSettings = {
				ARCHS = "$(ARCHS_STANDARD_32_BIT)";
				COPY_PHASE_STRIP = NO;
				GCC_WARN_ABOUT_RETURN_TYPE = YES;
				GCC_WARN_UNUSED_VARIABLE = YES;
				ONLY_ACTIVE_ARCH = YES;
				SDKROOT = macosx10.6;
			};
			name = Debug;
		};
		59F62F7D2505248500E5F185 /* Release */ = {
			isa = XCBuildConfiguration;
			buildSettings = {
				ARCHS = "$(ARCHS_STANDARD_32_BIT)";
				COPY_PHASE_STRIP = YES;
				GCC_WARN_ABOUT_RETURN_TYPE = YES;
				GCC_WARN_UNUSED_VARIABLE = YES;
				SDKROOT = macosx10.6;
			};
			name = Release;
		};
		59F62F982505248500E5F185 /* Debug */ = {
			isa = XCBuildConfiguration;
			buildSettings = {
				COPY_PHASE_STRIP = NO;
				DEBUGGING_SYMBOLS = YES;
				GCC_DYNAMIC_NO_PIC = NO;
				GCC_ENABLE_FIX_AND_CONTINUE = YES;
				GCC_GENERATE_DEBUGGING_SYMBOLS = YES;
				GCC_OPTIMIZATION_LEVEL = 0;
				OTHER_CFLAGS = "";
				OTHER_LDFLAGS = "";
				PRODUCT_NAME = epoch_test2;
			};
			name = Debug;
		};
		59F62F992505248500E5F185 /* Release */ = {
			isa = XCBuildConfiguration;
			buildSettings = {
				COPY_PHASE_STRIP = YES;
				DEBUG_INFORMATION_FORMAT = "dwarf-with-dsym";
				GCC_ENABLE_FIX_AND_CONTINUE = NO;
				OTHER_CFLAGS = "";
				OTHER_LDFLAGS = "";
				PRODUCT_NAME = epoch_test2;
			};
			name = Release;
		};
/* End XCBuildConfiguration section */

/* Begin XCConfigurationList section */
		59F62F7E2505248500E5F185 /* Build configuration list for PBXProject "epoch_test2 2" */ = {
			isa = XCConfigurationList;
			buildConfigurations = (
				59F62F7C2505248500E5F185 /* Debug */,
				59F62F7D2505248500E5F185 /* Release */,
			);
			defaultConfigurationIsVisible = 0;
			defaultConfigurationName = Release;
		};
		59F62F972505248500E5F185 /* Build configuration list for PBXLegacyTarget "epoch_test2" */ = {
			isa = XCConfigurationList;
			buildConfigurations = (
				59F62F982505248500E5F185 /* Debug */,
				59F62F992505248500E5F185 /* Release */,
			);
			defaultConfigurationIsVisible = 0;
			defaultConfigurationName = Release;
		};
/* End XCConfigurationList section */
	};
	rootObject = 59F62F7B2505248500E5F185 /* Project object */;
}
